
Microsoft Visual Studio Solution File, Format Version 12.00
Project("{FAE04EC0-301F-11D3-BF4B-00C04F79EFBC}") = "Split Schnitzel", "Split Schnitzel.csproj", "{5A3E39CC-782E-493E-8241-CD4103AEA0E5}"
EndProject
Global
	GlobalSection(SolutionConfigurationPlatforms) = preSolution
		Debug|Any CPU = Debug|Any CPU
		Release|Any CPU = Release|Any CPU
	EndGlobalSection
	GlobalSection(ProjectConfigurationPlatforms) = postSolution
		{5A3E39CC-782E-493E-8241-CD4103AEA0E5}.Debug|Any CPU.ActiveCfg = Debug|Any CPU
		{5A3E39CC-782E-493E-8241-CD4103AEA0E5}.Debug|Any CPU.Build.0 = Debug|Any CPU
		{5A3E39CC-782E-493E-8241-CD4103AEA0E5}.Release|Any CPU.ActiveCfg = Release|Any CPU
		{5A3E39CC-782E-493E-8241-CD4103AEA0E5}.Release|Any CPU.Build.0 = Release|Any CPU
	EndGlobalSection
EndGlobal
